
Microsoft Visual Studio Solution File, Format Version 12.00
# Visual Studio Version 17
VisualStudioVersion = 17.0.31710.8
MinimumVisualStudioVersion = 10.0.40219.1
Project("{9A19103F-16F7-4668-BE54-9A1E7A4F7556}") = "Fantome", "Fantome\Fantome.csproj", "{40D22C58-57BE-4AEB-BDEF-5C93DC3047BC}"
EndProject
Global
	GlobalSection(SolutionConfigurationPlatforms) = preSolution
		Debug|x64 = Debug|x64
		Release|x64 = Release|x64
	EndGlobalSection
	GlobalSection(ProjectConfigurationPlatforms) = postSolution
		{40D22C58-57BE-4AEB-BDEF-5C93DC3047BC}.Debug|x64.ActiveCfg = Debug|x64
		{40D22C58-57BE-4AEB-BDEF-5C93DC3047BC}.Debug|x64.Build.0 = Debug|x64
		{40D22C58-57BE-4AEB-BDEF-5C93DC3047BC}.Debug|x64.Deploy.0 = Debug|x64
		{40D22C58-57BE-4AEB-BDEF-5C93DC3047BC}.Release|x64.ActiveCfg = Release|x64
		{40D22C58-57BE-4AEB-BDEF-5C93DC3047BC}.Release|x64.Build.0 = Release|x64
		{40D22C58-57BE-4AEB-BDEF-5C93DC3047BC}.Release|x64.Deploy.0 = Release|x64
	EndGlobalSection
	GlobalSection(SolutionProperties) = preSolution
		HideSolutionNode = FALSE
	EndGlobalSection
	GlobalSection(ExtensibilityGlobals) = postSolution
		SolutionGuid = {FBA1FA6A-5B7E-43AB-98DA-CE302FC0A5E6}
	EndGlobalSection
EndGlobal
